NeoBundleLock ctrlp.vim 306bc60a1bed48cee895623d03c87d84d00764b6
NeoBundleLock neobundle.vim 26d03781886ed887e390d4ad8b935987754b1c2c
NeoBundleLock neocomplcache 778181767467b8f8016828898779a646074d883a
NeoBundleLock neosnippet-snippets 9cf2d73ef2b96c2013e1e1595dc998a4f38f1f3c
NeoBundleLock neosnippet.vim 924e01541c02e974cf848a2ffdafaf29aac94d54
NeoBundleLock unite.vim 7252fc334ed24722ad70867ba9e4aba125b611d7
NeoBundleLock vim-autoclose a9a3b7384657bc1f60a963fd6c08c63fc48d61c3
NeoBundleLock vim-colorschemes eab315701f4627967fd62582eefc4e37a3745786
NeoBundleLock vim-easymotion 1a0244c90c3ff46219cf9597bb13662be4232407
NeoBundleLock vim-endwise 1f76f7a1aebac3510c0f6c7f28be5572ea56d19c
NeoBundleLock vim-fugitive d39d5ca4299569a5d1a37a511d1a5eccef71b037
NeoBundleLock vimfiler b5a8b546e8aa0297e34d99348ac0a76bce4063e4
NeoBundleLock vimproc 2300224d366642f4f8d6f88861535d4ccbe20143
NeoBundleLock vimshell 3787e52766812d8b99a93ccdda57517bc2a0bab6
